// !$*UTF8*$!
{
	archiveVersion = 1;
	classes = {
	};
	objectVersion = 55;
	objects = {

/* Begin PBXBuildFile section */
		429F416728BD6C44005F138F /* RxBlocking in Frameworks */ = {isa = PBXBuildFile; productRef = 429F416628BD6C44005F138F /* RxBlocking */; };
		429F416928BD6C44005F138F /* RxCocoa in Frameworks */ = {isa = PBXBuildFile; productRef = 429F416828BD6C44005F138F /* RxCocoa */; };
		429F416B28BD6C44005F138F /* RxRelay in Frameworks */ = {isa = PBXBuildFile; productRef = 429F416A28BD6C44005F138F /* RxRelay */; };
		429F416D28BD6C44005F138F /* RxSwift in Frameworks */ = {isa = PBXBuildFile; productRef = 429F416C28BD6C44005F138F /* RxSwift */; };
		A209B35A28BB30DF00A76406 /* LandmarksApp.swift in Sources */ = {isa = PBXBuildFile; fileRef = A209B35928BB30DF00A76406 /* LandmarksApp.swift */; };
		A209B35C28BB30DF00A76406 /* ContentView.swift in Sources */ = {isa = PBXBuildFile; fileRef = A209B35B28BB30DF00A76406 /* ContentView.swift */; };
		A209B35E28BB30E100A76406 /* Assets.xcassets in Resources */ = {isa = PBXBuildFile; fileRef = A209B35D28BB30E100A76406 /* Assets.xcassets */; };
		A209B36128BB30E100A76406 /* Preview Assets.xcassets in Resources */ = {isa = PBXBuildFile; fileRef = A209B36028BB30E100A76406 /* Preview Assets.xcassets */; };
		A209B36B28BB30E100A76406 /* LandmarksTests.swift in Sources */ = {isa = PBXBuildFile; fileRef = A209B36A28BB30E100A76406 /* LandmarksTests.swift */; };
		A209B37528BB30E100A76406 /* LandmarksUITests.swift in Sources */ = {isa = PBXBuildFile; fileRef = A209B37428BB30E100A76406 /* LandmarksUITests.swift */; };
		A209B37728BB30E100A76406 /* LandmarksUITestsLaunchTests.swift in Sources */ = {isa = PBXBuildFile; fileRef = A209B37628BB30E100A76406 /* LandmarksUITestsLaunchTests.swift */; };
		A209B38428BB3A8F00A76406 /* CircleImage.swift in Sources */ = {isa = PBXBuildFile; fileRef = A209B38328BB3A8F00A76406 /* CircleImage.swift */; };
		A209B38628BB3CC800A76406 /* MapViev.swift in Sources */ = {isa = PBXBuildFile; fileRef = A209B38528BB3CC800A76406 /* MapViev.swift */; };
		A24EFAD428BC3DD8006C8F20 /* landmarkData.json in Resources */ = {isa = PBXBuildFile; fileRef = A24EFAD328BC3DD8006C8F20 /* landmarkData.json */; };
		A24EFAD628BC3DF7006C8F20 /* Landmark.swift in Sources */ = {isa = PBXBuildFile; fileRef = A24EFAD528BC3DF7006C8F20 /* Landmark.swift */; };
		A24EFAD828BC3FCF006C8F20 /* ModelData.swift in Sources */ = {isa = PBXBuildFile; fileRef = A24EFAD728BC3FCF006C8F20 /* ModelData.swift */; };
		A24EFADD28BC42B3006C8F20 /* LandmarkRow.swift in Sources */ = {isa = PBXBuildFile; fileRef = A24EFADC28BC42B3006C8F20 /* LandmarkRow.swift */; };
		A24EFADF28BC4857006C8F20 /* LandmarkList.swift in Sources */ = {isa = PBXBuildFile; fileRef = A24EFADE28BC4857006C8F20 /* LandmarkList.swift */; };
		A24EFAE128BC4ABA006C8F20 /* LandmarkDetail.swift in Sources */ = {isa = PBXBuildFile; fileRef = A24EFAE028BC4ABA006C8F20 /* LandmarkDetail.swift */; };
		A24EFAE328BC5EC2006C8F20 /* FavoriteButton.swift in Sources */ = {isa = PBXBuildFile; fileRef = A24EFAE228BC5EC2006C8F20 /* FavoriteButton.swift */; };
/* End PBXBuildFile section */

/* Begin PBXContainerItemProxy section */
		A209B36728BB30E100A76406 /* PBXContainerItemProxy */ = {
			isa = PBXContainerItemProxy;
			containerPortal = A209B34E28BB30DF00A76406 /* Project object */;
			proxyType = 1;
			remoteGlobalIDString = A209B35528BB30DF00A76406;
			remoteInfo = Landmarks;
		};
		A209B37128BB30E100A76406 /* PBXContainerItemProxy */ = {
			isa = PBXContainerItemProxy;
			containerPortal = A209B34E28BB30DF00A76406 /* Project object */;
			proxyType = 1;
			remoteGlobalIDString = A209B35528BB30DF00A76406;
			remoteInfo = Landmarks;
		};
/* End PBXContainerItemProxy section */

/* Begin PBXFileReference section */
		A209B35628BB30DF00A76406 /* Landmarks.app */ = {isa = PBXFileReference; explicitFileType = wrapper.application; includeInIndex = 0; path = Landmarks.app; sourceTree = BUILT_PRODUCTS_DIR; };
		A209B35928BB30DF00A76406 /* LandmarksApp.swift */ = {isa = PBXFileReference; lastKnownFileType = sourcecode.swift; path = LandmarksApp.swift; sourceTree = "<group>"; };
		A209B35B28BB30DF00A76406 /* ContentView.swift */ = {isa = PBXFileReference; lastKnownFileType = sourcecode.swift; path = ContentView.swift; sourceTree = "<group>"; };
		A209B35D28BB30E100A76406 /* Assets.xcassets */ = {isa = PBXFileReference; lastKnownFileType = folder.assetcatalog; path = Assets.xcassets; sourceTree = "<group>"; };
		A209B36028BB30E100A76406 /* Preview Assets.xcassets */ = {isa = PBXFileReference; lastKnownFileType = folder.assetcatalog; path = "Preview Assets.xcassets"; sourceTree = "<group>"; };
		A209B36628BB30E100A76406 /* LandmarksTests.xctest */ = {isa = PBXFileReference; explicitFileType = wrapper.cfbundle; includeInIndex = 0; path = LandmarksTests.xctest; sourceTree = BUILT_PRODUCTS_DIR; };
		A209B36A28BB30E100A76406 /* LandmarksTests.swift */ = {isa = PBXFileReference; lastKnownFileType = sourcecode.swift; path = LandmarksTests.swift; sourceTree = "<group>"; };
		A209B37028BB30E100A76406 /* LandmarksUITests.xctest */ = {isa = PBXFileReference; explicitFileType = wrapper.cfbundle; includeInIndex = 0; path = LandmarksUITests.xctest; sourceTree = BUILT_PRODUCTS_DIR; };
		A209B37428BB30E100A76406 /* LandmarksUITests.swift */ = {isa = PBXFileReference; lastKnownFileType = sourcecode.swift; path = LandmarksUITests.swift; sourceTree = "<group>"; };
		A209B37628BB30E100A76406 /* LandmarksUITestsLaunchTests.swift */ = {isa = PBXFileReference; lastKnownFileType = sourcecode.swift; path = LandmarksUITestsLaunchTests.swift; sourceTree = "<group>"; };
		A209B38328BB3A8F00A76406 /* CircleImage.swift */ = {isa = PBXFileReference; lastKnownFileType = sourcecode.swift; path = CircleImage.swift; sourceTree = "<group>"; };
		A209B38528BB3CC800A76406 /* MapViev.swift */ = {isa = PBXFileReference; lastKnownFileType = sourcecode.swift; path = MapViev.swift; sourceTree = "<group>"; };
		A24EFAD328BC3DD8006C8F20 /* landmarkData.json */ = {isa = PBXFileReference; fileEncoding = 4; lastKnownFileType = text.json; path = landmarkData.json; sourceTree = "<group>"; };
		A24EFAD528BC3DF7006C8F20 /* Landmark.swift */ = {isa = PBXFileReference; lastKnownFileType = sourcecode.swift; path = Landmark.swift; sourceTree = "<group>"; };
		A24EFAD728BC3FCF006C8F20 /* ModelData.swift */ = {isa = PBXFileReference; lastKnownFileType = sourcecode.swift; path = ModelData.swift; sourceTree = "<group>"; };
		A24EFADC28BC42B3006C8F20 /* LandmarkRow.swift */ = {isa = PBXFileReference; lastKnownFileType = sourcecode.swift; path = LandmarkRow.swift; sourceTree = "<group>"; };
		A24EFADE28BC4857006C8F20 /* LandmarkList.swift */ = {isa = PBXFileReference; lastKnownFileType = sourcecode.swift; path = LandmarkList.swift; sourceTree = "<group>"; };
		A24EFAE028BC4ABA006C8F20 /* LandmarkDetail.swift */ = {isa = PBXFileReference; lastKnownFileType = sourcecode.swift; path = LandmarkDetail.swift; sourceTree = "<group>"; };
		A24EFAE228BC5EC2006C8F20 /* FavoriteButton.swift */ = {isa = PBXFileReference; lastKnownFileType = sourcecode.swift; path = FavoriteButton.swift; sourceTree = "<group>"; };
		A24EFAE628BC6511006C8F20 /* Info.plist */ = {isa = PBXFileReference; lastKnownFileType = text.plist; path = Info.plist; sourceTree = "<group>"; };
/* End PBXFileReference section */

/* Begin PBXFrameworksBuildPhase section */
		A209B35328BB30DF00A76406 /* Frameworks */ = {
			isa = PBXFrameworksBuildPhase;
			buildActionMask = 2147483647;
			files = (
				429F416B28BD6C44005F138F /* RxRelay in Frameworks */,
				429F416928BD6C44005F138F /* RxCocoa in Frameworks */,
				429F416D28BD6C44005F138F /* RxSwift in Frameworks */,
				429F416728BD6C44005F138F /* RxBlocking in Frameworks */,
			);
			runOnlyForDeploymentPostprocessing = 0;
		};
		A209B36328BB30E100A76406 /* Frameworks */ = {
			isa = PBXFrameworksBuildPhase;
			buildActionMask = 2147483647;
			files = (
			);
			runOnlyForDeploymentPostprocessing = 0;
		};
		A209B36D28BB30E100A76406 /* Frameworks */ = {
			isa = PBXFrameworksBuildPhase;
			buildActionMask = 2147483647;
			files = (
			);
			runOnlyForDeploymentPostprocessing = 0;
		};
/* End PBXFrameworksBuildPhase section */

/* Begin PBXGroup section */
		A209B34D28BB30DF00A76406 = {
			isa = PBXGroup;
			children = (
				A209B35828BB30DF00A76406 /* Landmarks */,
				A209B36928BB30E100A76406 /* LandmarksTests */,
				A209B37328BB30E100A76406 /* LandmarksUITests */,
				A209B35728BB30DF00A76406 /* Products */,
			);
			sourceTree = "<group>";
		};
		A209B35728BB30DF00A76406 /* Products */ = {
			isa = PBXGroup;
			children = (
				A209B35628BB30DF00A76406 /* Landmarks.app */,
				A209B36628BB30E100A76406 /* LandmarksTests.xctest */,
				A209B37028BB30E100A76406 /* LandmarksUITests.xctest */,
			);
			name = Products;
			sourceTree = "<group>";
		};
		A209B35828BB30DF00A76406 /* Landmarks */ = {
			isa = PBXGroup;
			children = (
				A24EFAE628BC6511006C8F20 /* Info.plist */,
				A24EFAD928BC4222006C8F20 /* Resources */,
				A209B35928BB30DF00A76406 /* LandmarksApp.swift */,
				A24EFADA28BC423C006C8F20 /* Views */,
				A24EFADB28BC424B006C8F20 /* Model */,
				A209B35D28BB30E100A76406 /* Assets.xcassets */,
				A209B35F28BB30E100A76406 /* Preview Content */,
			);
			path = Landmarks;
			sourceTree = "<group>";
		};
		A209B35F28BB30E100A76406 /* Preview Content */ = {
			isa = PBXGroup;
			children = (
				A209B36028BB30E100A76406 /* Preview Assets.xcassets */,
			);
			path = "Preview Content";
			sourceTree = "<group>";
		};
		A209B36928BB30E100A76406 /* LandmarksTests */ = {
			isa = PBXGroup;
			children = (
				A209B36A28BB30E100A76406 /* LandmarksTests.swift */,
			);
			path = LandmarksTests;
			sourceTree = "<group>";
		};
		A209B37328BB30E100A76406 /* LandmarksUITests */ = {
			isa = PBXGroup;
			children = (
				A209B37428BB30E100A76406 /* LandmarksUITests.swift */,
				A209B37628BB30E100A76406 /* LandmarksUITestsLaunchTests.swift */,
			);
			path = LandmarksUITests;
			sourceTree = "<group>";
		};
		A24EFAD928BC4222006C8F20 /* Resources */ = {
			isa = PBXGroup;
			children = (
				A24EFAD328BC3DD8006C8F20 /* landmarkData.json */,
			);
			path = Resources;
			sourceTree = "<group>";
		};
		A24EFADA28BC423C006C8F20 /* Views */ = {
			isa = PBXGroup;
			children = (
				A24EFAE528BC5FDD006C8F20 /* Helpers */,
				A24EFAE428BC5FC7006C8F20 /* Landmarks */,
				A209B35B28BB30DF00A76406 /* ContentView.swift */,
			);
			path = Views;
			sourceTree = "<group>";
		};
		A24EFADB28BC424B006C8F20 /* Model */ = {
			isa = PBXGroup;
			children = (
				A24EFAD528BC3DF7006C8F20 /* Landmark.swift */,
				A24EFAD728BC3FCF006C8F20 /* ModelData.swift */,
			);
			path = Model;
			sourceTree = "<group>";
		};
		A24EFAE428BC5FC7006C8F20 /* Landmarks */ = {
			isa = PBXGroup;
			children = (
				A24EFADC28BC42B3006C8F20 /* LandmarkRow.swift */,
				A24EFADE28BC4857006C8F20 /* LandmarkList.swift */,
				A24EFAE028BC4ABA006C8F20 /* LandmarkDetail.swift */,
			);
			path = Landmarks;
			sourceTree = "<group>";
		};
		A24EFAE528BC5FDD006C8F20 /* Helpers */ = {
			isa = PBXGroup;
			children = (
				A209B38328BB3A8F00A76406 /* CircleImage.swift */,
				A209B38528BB3CC800A76406 /* MapViev.swift */,
				A24EFAE228BC5EC2006C8F20 /* FavoriteButton.swift */,
			);
			path = Helpers;
			sourceTree = "<group>";
		};
/* End PBXGroup section */

/* Begin PBXNativeTarget section */
		A209B35528BB30DF00A76406 /* Landmarks */ = {
			isa = PBXNativeTarget;
			buildConfigurationList = A209B37A28BB30E100A76406 /* Build configuration list for PBXNativeTarget "Landmarks" */;
			buildPhases = (
				A209B35228BB30DF00A76406 /* Sources */,
				A209B35328BB30DF00A76406 /* Frameworks */,
				A209B35428BB30DF00A76406 /* Resources */,
			);
			buildRules = (
			);
			dependencies = (
			);
			name = Landmarks;
			packageProductDependencies = (
				429F416628BD6C44005F138F /* RxBlocking */,
				429F416828BD6C44005F138F /* RxCocoa */,
				429F416A28BD6C44005F138F /* RxRelay */,
				429F416C28BD6C44005F138F /* RxSwift */,
			);
			productName = Landmarks;
			productReference = A209B35628BB30DF00A76406 /* Landmarks.app */;
			productType = "com.apple.product-type.application";
		};
		A209B36528BB30E100A76406 /* LandmarksTests */ = {
			isa = PBXNativeTarget;
			buildConfigurationList = A209B37D28BB30E100A76406 /* Build configuration list for PBXNativeTarget "LandmarksTests" */;
			buildPhases = (
				A209B36228BB30E100A76406 /* Sources */,
				A209B36328BB30E100A76406 /* Frameworks */,
				A209B36428BB30E100A76406 /* Resources */,
			);
			buildRules = (
			);
			dependencies = (
				A209B36828BB30E100A76406 /* PBXTargetDependency */,
			);
			name = LandmarksTests;
			productName = LandmarksTests;
			productReference = A209B36628BB30E100A76406 /* LandmarksTests.xctest */;
			productType = "com.apple.product-type.bundle.unit-test";
		};
		A209B36F28BB30E100A76406 /* LandmarksUITests */ = {
			isa = PBXNativeTarget;
			buildConfigurationList = A209B38028BB30E100A76406 /* Build configuration list for PBXNativeTarget "LandmarksUITests" */;
			buildPhases = (
				A209B36C28BB30E100A76406 /* Sources */,
				A209B36D28BB30E100A76406 /* Frameworks */,
				A209B36E28BB30E100A76406 /* Resources */,
			);
			buildRules = (
			);
			dependencies = (
				A209B37228BB30E100A76406 /* PBXTargetDependency */,
			);
			name = LandmarksUITests;
			productName = LandmarksUITests;
			productReference = A209B37028BB30E100A76406 /* LandmarksUITests.xctest */;
			productType = "com.apple.product-type.bundle.ui-testing";
		};
/* End PBXNativeTarget section */

/* Begin PBXProject section */
		A209B34E28BB30DF00A76406 /* Project object */ = {
			isa = PBXProject;
			attributes = {
				BuildIndependentTargetsInParallel = 1;
				LastSwiftUpdateCheck = 1340;
				LastUpgradeCheck = 1340;
				TargetAttributes = {
					A209B35528BB30DF00A76406 = {
						CreatedOnToolsVersion = 13.4.1;
					};
					A209B36528BB30E100A76406 = {
						CreatedOnToolsVersion = 13.4.1;
						TestTargetID = A209B35528BB30DF00A76406;
					};
					A209B36F28BB30E100A76406 = {
						CreatedOnToolsVersion = 13.4.1;
						TestTargetID = A209B35528BB30DF00A76406;
					};
				};
			};
			buildConfigurationList = A209B35128BB30DF00A76406 /* Build configuration list for PBXProject "Landmarks" */;
			compatibilityVersion = "Xcode 13.0";
			developmentRegion = en;
			hasScannedForEncodings = 0;
			knownRegions = (
				en,
				Base,
			);
			mainGroup = A209B34D28BB30DF00A76406;
			packageReferences = (
				429F416528BD6C44005F138F /* XCRemoteSwiftPackageReference "RxSwift" */,
			);
			productRefGroup = A209B35728BB30DF00A76406 /* Products */;
			projectDirPath = "";
			projectRoot = "";
			targets = (
				A209B35528BB30DF00A76406 /* Landmarks */,
				A209B36528BB30E100A76406 /* LandmarksTests */,
				A209B36F28BB30E100A76406 /* LandmarksUITests */,
			);
		};
/* End PBXProject section */

/* Begin PBXResourcesBuildPhase section */
		A209B35428BB30DF00A76406 /* Resources */ = {
			isa = PBXResourcesBuildPhase;
			buildActionMask = 2147483647;
			files = (
				A209B36128BB30E100A76406 /* Preview Assets.xcassets in Resources */,
				A209B35E28BB30E100A76406 /* Assets.xcassets in Resources */,
				A24EFAD428BC3DD8006C8F20 /* landmarkData.json in Resources */,
			);
			runOnlyForDeploymentPostprocessing = 0;
		};
		A209B36428BB30E100A76406 /* Resources */ = {
			isa = PBXResourcesBuildPhase;
			buildActionMask = 2147483647;
			files = (
			);
			runOnlyForDeploymentPostprocessing = 0;
		};
		A209B36E28BB30E100A76406 /* Resources */ = {
			isa = PBXResourcesBuildPhase;
			buildActionMask = 2147483647;
			files = (
			);
			runOnlyForDeploymentPostprocessing = 0;
		};
/* End PBXResourcesBuildPhase section */

/* Begin PBXSourcesBuildPhase section */
		A209B35228BB30DF00A76406 /* Sources */ = {
			isa = PBXSourcesBuildPhase;
			buildActionMask = 2147483647;
			files = (
				A209B38628BB3CC800A76406 /* MapViev.swift in Sources */,
				A209B35C28BB30DF00A76406 /* ContentView.swift in Sources */,
				A209B35A28BB30DF00A76406 /* LandmarksApp.swift in Sources */,
				A24EFAE328BC5EC2006C8F20 /* FavoriteButton.swift in Sources */,
				A24EFADF28BC4857006C8F20 /* LandmarkList.swift in Sources */,
				A24EFAE128BC4ABA006C8F20 /* LandmarkDetail.swift in Sources */,
				A209B38428BB3A8F00A76406 /* CircleImage.swift in Sources */,
				A24EFAD628BC3DF7006C8F20 /* Landmark.swift in Sources */,
				A24EFADD28BC42B3006C8F20 /* LandmarkRow.swift in Sources */,
				A24EFAD828BC3FCF006C8F20 /* ModelData.swift in Sources */,
			);
			runOnlyForDeploymentPostprocessing = 0;
		};
		A209B36228BB30E100A76406 /* Sources */ = {
			isa = PBXSourcesBuildPhase;
			buildActionMask = 2147483647;
			files = (
				A209B36B28BB30E100A76406 /* LandmarksTests.swift in Sources */,
			);
			runOnlyForDeploymentPostprocessing = 0;
		};
		A209B36C28BB30E100A76406 /* Sources */ = {
			isa = PBXSourcesBuildPhase;
			buildActionMask = 2147483647;
			files = (
				A209B37728BB30E100A76406 /* LandmarksUITestsLaunchTests.swift in Sources */,
				A209B37528BB30E100A76406 /* LandmarksUITests.swift in Sources */,
			);
			runOnlyForDeploymentPostprocessing = 0;
		};
/* End PBXSourcesBuildPhase section */

/* Begin PBXTargetDependency section */
		A209B36828BB30E100A76406 /* PBXTargetDependency */ = {
			isa = PBXTargetDependency;
			target = A209B35528BB30DF00A76406 /* Landmarks */;
			targetProxy = A209B36728BB30E100A76406 /* PBXContainerItemProxy */;
		};
		A209B37228BB30E100A76406 /* PBXTargetDependency */ = {
			isa = PBXTargetDependency;
			target = A209B35528BB30DF00A76406 /* Landmarks */;
			targetProxy = A209B37128BB30E100A76406 /* PBXContainerItemProxy */;
		};
/* End PBXTargetDependency section */

/* Begin XCBuildConfiguration section */
		A209B37828BB30E100A76406 /* Debug */ = {
			isa = XCBuildConfiguration;
			buildSettings = {
				ALWAYS_SEARCH_USER_PATHS = NO;
				CLANG_ANALYZER_NONNULL = YES;
				CLANG_ANALYZER_NUMBER_OBJECT_CONVERSION = YES_AGGRESSIVE;
				CLANG_CXX_LANGUAGE_STANDARD = "gnu++17";
				CLANG_ENABLE_MODULES = YES;
				CLANG_ENABLE_OBJC_ARC = YES;
				CLANG_ENABLE_OBJC_WEAK = YES;
				CLANG_WARN_BLOCK_CAPTURE_AUTORELEASING = YES;
				CLANG_WARN_BOOL_CONVERSION = YES;
				CLANG_WARN_COMMA = YES;
				CLANG_WARN_CONSTANT_CONVERSION = YES;
				CLANG_WARN_DEPRECATED_OBJC_IMPLEMENTATIONS = YES;
				CLANG_WARN_DIRECT_OBJC_ISA_USAGE = YES_ERROR;
				CLANG_WARN_DOCUMENTATION_COMMENTS = YES;
				CLANG_WARN_EMPTY_BODY = YES;
				CLANG_WARN_ENUM_CONVERSION = YES;
				CLANG_WARN_INFINITE_RECURSION = YES;
				CLANG_WARN_INT_CONVERSION = YES;
				CLANG_WARN_NON_LITERAL_NULL_CONVERSION = YES;
				CLANG_WARN_OBJC_IMPLICIT_RETAIN_SELF = YES;
				CLANG_WARN_OBJC_LITERAL_CONVERSION = YES;
				CLANG_WARN_OBJC_ROOT_CLASS = YES_ERROR;
				CLANG_WARN_QUOTED_INCLUDE_IN_FRAMEWORK_HEADER = YES;
				CLANG_WARN_RANGE_LOOP_ANALYSIS = YES;
				CLANG_WARN_STRICT_PROTOTYPES = YES;
				CLANG_WARN_SUSPICIOUS_MOVE = YES;
				CLANG_WARN_UNGUARDED_AVAILABILITY = YES_AGGRESSIVE;
				CLANG_WARN_UNREACHABLE_CODE = YES;
				CLANG_WARN__DUPLICATE_METHOD_MATCH = YES;
				COPY_PHASE_STRIP = NO;
				DEBUG_INFORMATION_FORMAT = dwarf;
				ENABLE_STRICT_OBJC_MSGSEND = YES;
				ENABLE_TESTABILITY = YES;
				GCC_C_LANGUAGE_STANDARD = gnu11;
				GCC_DYNAMIC_NO_PIC = NO;
				GCC_NO_COMMON_BLOCKS = YES;
				GCC_OPTIMIZATION_LEVEL = 0;
				GCC_PREPROCESSOR_DEFINITIONS = (
					"DEBUG=1",
					"$(inherited)",
				);
				GCC_WARN_64_TO_32_BIT_CONVERSION = YES;
				GCC_WARN_ABOUT_RETURN_TYPE = YES_ERROR;
				GCC_WARN_UNDECLARED_SELECTOR = YES;
				GCC_WARN_UNINITIALIZED_AUTOS = YES_AGGRESSIVE;
				GCC_WARN_UNUSED_FUNCTION = YES;
				GCC_WARN_UNUSED_VARIABLE = YES;
				IPHONEOS_DEPLOYMENT_TARGET = 15.5;
				MTL_ENABLE_DEBUG_INFO = INCLUDE_SOURCE;
				MTL_FAST_MATH = YES;
				ONLY_ACTIVE_ARCH = YES;
				SDKROOT = iphoneos;
				SWIFT_ACTIVE_COMPILATION_CONDITIONS = DEBUG;
				SWIFT_OPTIMIZATION_LEVEL = "-Onone";
			};
			name = Debug;
		};
		A209B37928BB30E100A76406 /* Release */ = {
			isa = XCBuildConfiguration;
			buildSettings = {
				ALWAYS_SEARCH_USER_PATHS = NO;
				CLANG_ANALYZER_NONNULL = YES;
				CLANG_ANALYZER_NUMBER_OBJECT_CONVERSION = YES_AGGRESSIVE;
				CLANG_CXX_LANGUAGE_STANDARD = "gnu++17";
				CLANG_ENABLE_MODULES = YES;
				CLANG_ENABLE_OBJC_ARC = YES;
				CLANG_ENABLE_OBJC_WEAK = YES;
				CLANG_WARN_BLOCK_CAPTURE_AUTORELEASING = YES;
				CLANG_WARN_BOOL_CONVERSION = YES;
				CLANG_WARN_COMMA = YES;
				CLANG_WARN_CONSTANT_CONVERSION = YES;
				CLANG_WARN_DEPRECATED_OBJC_IMPLEMENTATIONS = YES;
				CLANG_WARN_DIRECT_OBJC_ISA_USAGE = YES_ERROR;
				CLANG_WARN_DOCUMENTATION_COMMENTS = YES;
				CLANG_WARN_EMPTY_BODY = YES;
				CLANG_WARN_ENUM_CONVERSION = YES;
				CLANG_WARN_INFINITE_RECURSION = YES;
				CLANG_WARN_INT_CONVERSION = YES;
				CLANG_WARN_NON_LITERAL_NULL_CONVERSION = YES;
				CLANG_WARN_OBJC_IMPLICIT_RETAIN_SELF = YES;
				CLANG_WARN_OBJC_LITERAL_CONVERSION = YES;
				CLANG_WARN_OBJC_ROOT_CLASS = YES_ERROR;
				CLANG_WARN_QUOTED_INCLUDE_IN_FRAMEWORK_HEADER = YES;
				CLANG_WARN_RANGE_LOOP_ANALYSIS = YES;
				CLANG_WARN_STRICT_PROTOTYPES = YES;
				CLANG_WARN_SUSPICIOUS_MOVE = YES;
				CLANG_WARN_UNGUARDED_AVAILABILITY = YES_AGGRESSIVE;
				CLANG_WARN_UNREACHABLE_CODE = YES;
				CLANG_WARN__DUPLICATE_METHOD_MATCH = YES;
				COPY_PHASE_STRIP = NO;
				DEBUG_INFORMATION_FORMAT = "dwarf-with-dsym";
				ENABLE_NS_ASSERTIONS = NO;
				ENABLE_STRICT_OBJC_MSGSEND = YES;
				GCC_C_LANGUAGE_STANDARD = gnu11;
				GCC_NO_COMMON_BLOCKS = YES;
				GCC_WARN_64_TO_32_BIT_CONVERSION = YES;
				GCC_WARN_ABOUT_RETURN_TYPE = YES_ERROR;
				GCC_WARN_UNDECLARED_SELECTOR = YES;
				GCC_WARN_UNINITIALIZED_AUTOS = YES_AGGRESSIVE;
				GCC_WARN_UNUSED_FUNCTION = YES;
				GCC_WARN_UNUSED_VARIABLE = YES;
				IPHONEOS_DEPLOYMENT_TARGET = 15.5;
				MTL_ENABLE_DEBUG_INFO = NO;
				MTL_FAST_MATH = YES;
				SDKROOT = iphoneos;
				SWIFT_COMPILATION_MODE = wholemodule;
				SWIFT_OPTIMIZATION_LEVEL = "-O";
				VALIDATE_PRODUCT = YES;
			};
			name = Release;
		};
		A209B37B28BB30E100A76406 /* Debug */ = {
			isa = XCBuildConfiguration;
			buildSettings = {
				ASSETCATALOG_COMPILER_APPICON_NAME = AppIcon;
				ASSETCATALOG_COMPILER_GLOBAL_ACCENT_COLOR_NAME = AccentColor;
				CODE_SIGN_STYLE = Automatic;
				CURRENT_PROJECT_VERSION = 1;
				DEVELOPMENT_ASSET_PATHS = "\"Landmarks/Preview Content\"";
				DEVELOPMENT_TEAM = 5F83KRY2FH;
				ENABLE_PREVIEWS = YES;
				GENERATE_INFOPLIST_FILE = YES;
				INFOPLIST_FILE = Landmarks/Info.plist;
				INFOPLIST_KEY_UIApplicationSceneManifest_Generation = YES;
				INFOPLIST_KEY_UIApplicationSupportsIndirectInputEvents = YES;
				INFOPLIST_KEY_UILaunchScreen_Generation = YES;
				INFOPLIST_KEY_UISupportedInterfaceOrientations_iPad = "UIInterfaceOrientationPortrait UIInterfaceOrientationPortraitUpsideDown UIInterfaceOrientationLandscapeLeft UIInterfaceOrientationLandscapeRight";
				INFOPLIST_KEY_UISupportedInterfaceOrientations_iPhone = "UIInterfaceOrientationPortrait UIInterfaceOrientationLandscapeLeft UIInterfaceOrientationLandscapeRight";
				LD_RUNPATH_SEARCH_PATHS = (
					"$(inherited)",
					"@executable_path/Frameworks",
				);
				MARKETING_VERSION = 1.0;
				PRODUCT_BUNDLE_IDENTIFIER = com.ericliu.Landmarks;
				PRODUCT_NAME = "$(TARGET_NAME)";
				SWIFT_EMIT_LOC_STRINGS = YES;
				SWIFT_VERSION = 5.0;
				TARGETED_DEVICE_FAMILY = "1,2";
			};
			name = Debug;
		};
		A209B37C28BB30E100A76406 /* Release */ = {
			isa = XCBuildConfiguration;
			buildSettings = {
				ASSETCATALOG_COMPILER_APPICON_NAME = AppIcon;
				ASSETCATALOG_COMPILER_GLOBAL_ACCENT_COLOR_NAME = AccentColor;
				CODE_SIGN_STYLE = Automatic;
				CURRENT_PROJECT_VERSION = 1;
				DEVELOPMENT_ASSET_PATHS = "\"Landmarks/Preview Content\"";
				DEVELOPMENT_TEAM = 5F83KRY2FH;
				ENABLE_PREVIEWS = YES;
				GENERATE_INFOPLIST_FILE = YES;
				INFOPLIST_FILE = Landmarks/Info.plist;
				INFOPLIST_KEY_UIApplicationSceneManifest_Generation = YES;
				INFOPLIST_KEY_UIApplicationSupportsIndirectInputEvents = YES;
				INFOPLIST_KEY_UILaunchScreen_Generation = YES;
				INFOPLIST_KEY_UISupportedInterfaceOrientations_iPad = "UIInterfaceOrientationPortrait UIInterfaceOrientationPortraitUpsideDown UIInterfaceOrientationLandscapeLeft UIInterfaceOrientationLandscapeRight";
				INFOPLIST_KEY_UISupportedInterfaceOrientations_iPhone = "UIInterfaceOrientationPortrait UIInterfaceOrientationLandscapeLeft UIInterfaceOrientationLandscapeRight";
				LD_RUNPATH_SEARCH_PATHS = (
					"$(inherited)",
					"@executable_path/Frameworks",
				);
				MARKETING_VERSION = 1.0;
				PRODUCT_BUNDLE_IDENTIFIER = com.ericliu.Landmarks;
				PRODUCT_NAME = "$(TARGET_NAME)";
				SWIFT_EMIT_LOC_STRINGS = YES;
				SWIFT_VERSION = 5.0;
				TARGETED_DEVICE_FAMILY = "1,2";
			};
			name = Release;
		};
		A209B37E28BB30E100A76406 /* Debug */ = {
			isa = XCBuildConfiguration;
			buildSettings = {
				ALWAYS_EMBED_SWIFT_STANDARD_LIBRARIES = YES;
				BUNDLE_LOADER = "$(TEST_HOST)";
				CODE_SIGN_STYLE = Automatic;
				CURRENT_PROJECT_VERSION = 1;
				GENERATE_INFOPLIST_FILE = YES;
				IPHONEOS_DEPLOYMENT_TARGET = 15.5;
				MARKETING_VERSION = 1.0;
				PRODUCT_BUNDLE_IDENTIFIER = com.ericliu.LandmarksTests;
				PRODUCT_NAME = "$(TARGET_NAME)";
				SWIFT_EMIT_LOC_STRINGS = NO;
				SWIFT_VERSION = 5.0;
				TARGETED_DEVICE_FAMILY = "1,2";
				TEST_HOST = "$(BUILT_PRODUCTS_DIR)/Landmarks.app/Landmarks";
			};
			name = Debug;
		};
		A209B37F28BB30E100A76406 /* Release */ = {
			isa = XCBuildConfiguration;
			buildSettings = {
				ALWAYS_EMBED_SWIFT_STANDARD_LIBRARIES = YES;
				BUNDLE_LOADER = "$(TEST_HOST)";
				CODE_SIGN_STYLE = Automatic;
				CURRENT_PROJECT_VERSION = 1;
				GENERATE_INFOPLIST_FILE = YES;
				IPHONEOS_DEPLOYMENT_TARGET = 15.5;
				MARKETING_VERSION = 1.0;
				PRODUCT_BUNDLE_IDENTIFIER = com.ericliu.LandmarksTests;
				PRODUCT_NAME = "$(TARGET_NAME)";
				SWIFT_EMIT_LOC_STRINGS = NO;
				SWIFT_VERSION = 5.0;
				TARGETED_DEVICE_FAMILY = "1,2";
				TEST_HOST = "$(BUILT_PRODUCTS_DIR)/Landmarks.app/Landmarks";
			};
			name = Release;
		};
		A209B38128BB30E100A76406 /* Debug */ = {
			isa = XCBuildConfiguration;
			buildSettings = {
				ALWAYS_EMBED_SWIFT_STANDARD_LIBRARIES = YES;
				CODE_SIGN_STYLE = Automatic;
				CURRENT_PROJECT_VERSION = 1;
				GENERATE_INFOPLIST_FILE = YES;
				MARKETING_VERSION = 1.0;
				PRODUCT_BUNDLE_IDENTIFIER = com.ericliu.LandmarksUITests;
				PRODUCT_NAME = "$(TARGET_NAME)";
				SWIFT_EMIT_LOC_STRINGS = NO;
				SWIFT_VERSION = 5.0;
				TARGETED_DEVICE_FAMILY = "1,2";
				TEST_TARGET_NAME = Landmarks;
			};
			name = Debug;
		};
		A209B38228BB30E100A76406 /* Release */ = {
			isa = XCBuildConfiguration;
			buildSettings = {
				ALWAYS_EMBED_SWIFT_STANDARD_LIBRARIES = YES;
				CODE_SIGN_STYLE = Automatic;
				CURRENT_PROJECT_VERSION = 1;
				GENERATE_INFOPLIST_FILE = YES;
				MARKETING_VERSION = 1.0;
				PRODUCT_BUNDLE_IDENTIFIER = com.ericliu.LandmarksUITests;
				PRODUCT_NAME = "$(TARGET_NAME)";
				SWIFT_EMIT_LOC_STRINGS = NO;
				SWIFT_VERSION = 5.0;
				TARGETED_DEVICE_FAMILY = "1,2";
				TEST_TARGET_NAME = Landmarks;
			};
			name = Release;
		};
/* End XCBuildConfiguration section */

/* Begin XCConfigurationList section */
		A209B35128BB30DF00A76406 /* Build configuration list for PBXProject "Landmarks" */ = {
			isa = XCConfigurationList;
			buildConfigurations = (
				A209B37828BB30E100A76406 /* Debug */,
				A209B37928BB30E100A76406 /* Release */,
			);
			defaultConfigurationIsVisible = 0;
			defaultConfigurationName = Release;
		};
		A209B37A28BB30E100A76406 /* Build configuration list for PBXNativeTarget "Landmarks" */ = {
			isa = XCConfigurationList;
			buildConfigurations = (
				A209B37B28BB30E100A76406 /* Debug */,
				A209B37C28BB30E100A76406 /* Release */,
			);
			defaultConfigurationIsVisible = 0;
			defaultConfigurationName = Release;
		};
		A209B37D28BB30E100A76406 /* Build configuration list for PBXNativeTarget "LandmarksTests" */ = {
			isa = XCConfigurationList;
			buildConfigurations = (
				A209B37E28BB30E100A76406 /* Debug */,
				A209B37F28BB30E100A76406 /* Release */,
			);
			defaultConfigurationIsVisible = 0;
			defaultConfigurationName = Release;
		};
		A209B38028BB30E100A76406 /* Build configuration list for PBXNativeTarget "LandmarksUITests" */ = {
			isa = XCConfigurationList;
			buildConfigurations = (
				A209B38128BB30E100A76406 /* Debug */,
				A209B38228BB30E100A76406 /* Release */,
			);
			defaultConfigurationIsVisible = 0;
			defaultConfigurationName = Release;
		};
/* End XCConfigurationList section */

/* Begin XCRemoteSwiftPackageReference section */
		429F416528BD6C44005F138F /* XCRemoteSwiftPackageReference "RxSwift" */ = {
			isa = XCRemoteSwiftPackageReference;
			repositoryURL = "https://github.com/ReactiveX/RxSwift.git";
			requirement = {
				kind = upToNextMajorVersion;
				minimumVersion = 6.5.0;
			};
		};
/* End XCRemoteSwiftPackageReference section */

/* Begin XCSwiftPackageProductDependency section */
		429F416628BD6C44005F138F /* RxBlocking */ = {
			isa = XCSwiftPackageProductDependency;
			package = 429F416528BD6C44005F138F /* XCRemoteSwiftPackageReference "RxSwift" */;
			productName = RxBlocking;
		};
		429F416828BD6C44005F138F /* RxCocoa */ = {
			isa = XCSwiftPackageProductDependency;
			package = 429F416528BD6C44005F138F /* XCRemoteSwiftPackageReference "RxSwift" */;
			productName = RxCocoa;
		};
		429F416A28BD6C44005F138F /* RxRelay */ = {
			isa = XCSwiftPackageProductDependency;
			package = 429F416528BD6C44005F138F /* XCRemoteSwiftPackageReference "RxSwift" */;
			productName = RxRelay;
		};
		429F416C28BD6C44005F138F /* RxSwift */ = {
			isa = XCSwiftPackageProductDependency;
			package = 429F416528BD6C44005F138F /* XCRemoteSwiftPackageReference "RxSwift" */;
			productName = RxSwift;
		};
/* End XCSwiftPackageProductDependency section */
	};
	rootObject = A209B34E28BB30DF00A76406 /* Project object */;
}
